// !$*UTF8*$!
{
	archiveVersion = 1;
	classes = {
	};
	objectVersion = 56;
	objects = {

/* Begin PBXBuildFile section */
		9013B7812A79B51000612E2D /* libNATest.a in Frameworks */ = {isa = PBXBuildFile; fileRef = 9013B7522A79B49000612E2D /* libNATest.a */; };
		9013B7852A79BCBF00612E2D /* main.c in Sources */ = {isa = PBXBuildFile; fileRef = 9013B7842A79BCBF00612E2D /* main.c */; };
		9013B7932A79BCC600612E2D /* NATestList.h in Headers */ = {isa = PBXBuildFile; fileRef = 9013B7882A79BCC600612E2D /* NATestList.h */; };
		9013B7942A79BCC600612E2D /* NATestString.h in Headers */ = {isa = PBXBuildFile; fileRef = 9013B7892A79BCC600612E2D /* NATestString.h */; };
		9013B7952A79BCC600612E2D /* NATest.c in Sources */ = {isa = PBXBuildFile; fileRef = 9013B78A2A79BCC600612E2D /* NATest.c */; };
		9013B7962A79BCC600612E2D /* NAMacroPrintout.h in Headers */ = {isa = PBXBuildFile; fileRef = 9013B78B2A79BCC600612E2D /* NAMacroPrintout.h */; };
		9013B7972A79BCC600612E2D /* NAMacroPrintoutII.h in Headers */ = {isa = PBXBuildFile; fileRef = 9013B78C2A79BCC600612E2D /* NAMacroPrintoutII.h */; };
		9013B7982A79BCC600612E2D /* NATestII.h in Headers */ = {isa = PBXBuildFile; fileRef = 9013B78D2A79BCC600612E2D /* NATestII.h */; };
		9013B7992A79BCC600612E2D /* NATestEnvironment.h in Headers */ = {isa = PBXBuildFile; fileRef = 9013B78E2A79BCC600612E2D /* NATestEnvironment.h */; };
		9013B79A2A79BCC600612E2D /* NATest.h in Headers */ = {isa = PBXBuildFile; fileRef = 9013B78F2A79BCC600612E2D /* NATest.h */; };
		9013B79B2A79BCC600612E2D /* NATestString.c in Sources */ = {isa = PBXBuildFile; fileRef = 9013B7902A79BCC600612E2D /* NATestString.c */; };
		9013B79C2A79BCC600612E2D /* NATestStringII.h in Headers */ = {isa = PBXBuildFile; fileRef = 9013B7912A79BCC600612E2D /* NATestStringII.h */; };
		9013B79D2A79BCC600612E2D /* NAMacroPrintout.c in Sources */ = {isa = PBXBuildFile; fileRef = 9013B7922A79BCC600612E2D /* NAMacroPrintout.c */; };
/* End PBXBuildFile section */

/* Begin PBXContainerItemProxy section */
		9013B77E2A79B50B00612E2D /* PBXContainerItemProxy */ = {
			isa = PBXContainerItemProxy;
			containerPortal = 9013B7482A79B44200612E2D /* Project object */;
			proxyType = 1;
			remoteGlobalIDString = 9013B7512A79B49000612E2D;
			remoteInfo = NATest;
		};
/* End PBXContainerItemProxy section */

/* Begin PBXCopyFilesBuildPhase section */
		9013B7592A79B4AB00612E2D /* CopyFiles */ = {
			isa = PBXCopyFilesBuildPhase;
			buildActionMask = 2147483647;
			dstPath = /usr/share/man/man1/;
			dstSubfolderSpec = 0;
			files = (
			);
			runOnlyForDeploymentPostprocessing = 1;
		};
/* End PBXCopyFilesBuildPhase section */

/* Begin PBXFileReference section */
		9013B7522A79B49000612E2D /* libNATest.a */ = {isa = PBXFileReference; explicitFileType = archive.ar; includeInIndex = 0; path = libNATest.a; sourceTree = BUILT_PRODUCTS_DIR; };
		9013B75B2A79B4AB00612E2D /* Example */ = {isa = PBXFileReference; explicitFileType = "compiled.mach-o.executable"; includeInIndex = 0; path = Example; sourceTree = BUILT_PRODUCTS_DIR; };
		9013B7842A79BCBF00612E2D /* main.c */ = {isa = PBXFileReference; fileEncoding = 4; lastKnownFileType = sourcecode.c.c; path = main.c; sourceTree = "<group>"; };
		9013B7882A79BCC600612E2D /* NATestList.h */ = {isa = PBXFileReference; fileEncoding = 4; lastKnownFileType = sourcecode.c.h; path = NATestList.h; sourceTree = "<group>"; };
		9013B7892A79BCC600612E2D /* NATestString.h */ = {isa = PBXFileReference; fileEncoding = 4; lastKnownFileType = sourcecode.c.h; path = NATestString.h; sourceTree = "<group>"; };
		9013B78A2A79BCC600612E2D /* NATest.c */ = {isa = PBXFileReference; fileEncoding = 4; lastKnownFileType = sourcecode.c.c; path = NATest.c; sourceTree = "<group>"; };
		9013B78B2A79BCC600612E2D /* NAMacroPrintout.h */ = {isa = PBXFileReference; fileEncoding = 4; lastKnownFileType = sourcecode.c.h; path = NAMacroPrintout.h; sourceTree = "<group>"; };
		9013B78C2A79BCC600612E2D /* NAMacroPrintoutII.h */ = {isa = PBXFileReference; fileEncoding = 4; lastKnownFileType = sourcecode.c.h; path = NAMacroPrintoutII.h; sourceTree = "<group>"; };
		9013B78D2A79BCC600612E2D /* NATestII.h */ = {isa = PBXFileReference; fileEncoding = 4; lastKnownFileType = sourcecode.c.h; path = NATestII.h; sourceTree = "<group>"; };
		9013B78E2A79BCC600612E2D /* NATestEnvironment.h */ = {isa = PBXFileReference; fileEncoding = 4; lastKnownFileType = sourcecode.c.h; path = NATestEnvironment.h; sourceTree = "<group>"; };
		9013B78F2A79BCC600612E2D /* NATest.h */ = {isa = PBXFileReference; fileEncoding = 4; lastKnownFileType = sourcecode.c.h; path = NATest.h; sourceTree = "<group>"; };
		9013B7902A79BCC600612E2D /* NATestString.c */ = {isa = PBXFileReference; fileEncoding = 4; lastKnownFileType = sourcecode.c.c; path = NATestString.c; sourceTree = "<group>"; };
		9013B7912A79BCC600612E2D /* NATestStringII.h */ = {isa = PBXFileReference; fileEncoding = 4; lastKnownFileType = sourcecode.c.h; path = NATestStringII.h; sourceTree = "<group>"; };
		9013B7922A79BCC600612E2D /* NAMacroPrintout.c */ = {isa = PBXFileReference; fileEncoding = 4; lastKnownFileType = sourcecode.c.c; path = NAMacroPrintout.c; sourceTree = "<group>"; };
/* End PBXFileReference section */

/* Begin PBXFrameworksBuildPhase section */
		9013B7502A79B49000612E2D /* Frameworks */ = {
			isa = PBXFrameworksBuildPhase;
			buildActionMask = 2147483647;
			files = (
			);
			runOnlyForDeploymentPostprocessing = 0;
		};
		9013B7582A79B4AB00612E2D /* Frameworks */ = {
			isa = PBXFrameworksBuildPhase;
			buildActionMask = 2147483647;
			files = (
				9013B7812A79B51000612E2D /* libNATest.a in Frameworks */,
			);
			runOnlyForDeploymentPostprocessing = 0;
		};
/* End PBXFrameworksBuildPhase section */

/* Begin PBXGroup section */
		9013B7472A79B44200612E2D = {
			isa = PBXGroup;
			children = (
				9013B7862A79BCC600612E2D /* NATest */,
				9013B7822A79BCBF00612E2D /* Example */,
				9013B7532A79B49000612E2D /* Products */,
				9013B7802A79B51000612E2D /* Frameworks */,
			);
			sourceTree = "<group>";
		};
		9013B7532A79B49000612E2D /* Products */ = {
			isa = PBXGroup;
			children = (
				9013B7522A79B49000612E2D /* libNATest.a */,
				9013B75B2A79B4AB00612E2D /* Example */,
			);
			name = Products;
			sourceTree = "<group>";
		};
		9013B7802A79B51000612E2D /* Frameworks */ = {
			isa = PBXGroup;
			children = (
			);
			name = Frameworks;
			sourceTree = "<group>";
		};
		9013B7822A79BCBF00612E2D /* Example */ = {
			isa = PBXGroup;
			children = (
				9013B7832A79BCBF00612E2D /* src */,
			);
			name = Example;
			path = ../../code/Example;
			sourceTree = "<group>";
		};
		9013B7832A79BCBF00612E2D /* src */ = {
			isa = PBXGroup;
			children = (
				9013B7842A79BCBF00612E2D /* main.c */,
			);
			path = src;
			sourceTree = "<group>";
		};
		9013B7862A79BCC600612E2D /* NATest */ = {
			isa = PBXGroup;
			children = (
				9013B7872A79BCC600612E2D /* src */,
			);
			name = NATest;
			path = ../../code/NATest;
			sourceTree = "<group>";
		};
		9013B7872A79BCC600612E2D /* src */ = {
			isa = PBXGroup;
			children = (
				9013B7922A79BCC600612E2D /* NAMacroPrintout.c */,
				9013B78B2A79BCC600612E2D /* NAMacroPrintout.h */,
				9013B78C2A79BCC600612E2D /* NAMacroPrintoutII.h */,
				9013B78A2A79BCC600612E2D /* NATest.c */,
				9013B78F2A79BCC600612E2D /* NATest.h */,
				9013B78E2A79BCC600612E2D /* NATestEnvironment.h */,
				9013B78D2A79BCC600612E2D /* NATestII.h */,
				9013B7882A79BCC600612E2D /* NATestList.h */,
				9013B7902A79BCC600612E2D /* NATestString.c */,
				9013B7892A79BCC600612E2D /* NATestString.h */,
				9013B7912A79BCC600612E2D /* NATestStringII.h */,
			);
			path = src;
			sourceTree = "<group>";
		};
/* End PBXGroup section */

/* Begin PBXHeadersBuildPhase section */
		9013B74E2A79B49000612E2D /* Headers */ = {
			isa = PBXHeadersBuildPhase;
			buildActionMask = 2147483647;
			files = (
				9013B7942A79BCC600612E2D /* NATestString.h in Headers */,
				9013B79A2A79BCC600612E2D /* NATest.h in Headers */,
				9013B7972A79BCC600612E2D /* NAMacroPrintoutII.h in Headers */,
				9013B7932A79BCC600612E2D /* NATestList.h in Headers */,
				9013B7992A79BCC600612E2D /* NATestEnvironment.h in Headers */,
				9013B7962A79BCC600612E2D /* NAMacroPrintout.h in Headers */,
				9013B79C2A79BCC600612E2D /* NATestStringII.h in Headers */,
				9013B7982A79BCC600612E2D /* NATestII.h in Headers */,
			);
			runOnlyForDeploymentPostprocessing = 0;
		};
/* End PBXHeadersBuildPhase section */

/* Begin PBXNativeTarget section */
		9013B7512A79B49000612E2D /* NATest */ = {
			isa = PBXNativeTarget;
			buildConfigurationList = 9013B7562A79B49000612E2D /* Build configuration list for PBXNativeTarget "NATest" */;
			buildPhases = (
				9013B74E2A79B49000612E2D /* Headers */,
				9013B74F2A79B49000612E2D /* Sources */,
				9013B7502A79B49000612E2D /* Frameworks */,
			);
			buildRules = (
			);
			dependencies = (
			);
			name = NATest;
			productName = NATest;
			productReference = 9013B7522A79B49000612E2D /* libNATest.a */;
			productType = "com.apple.product-type.library.static";
		};
		9013B75A2A79B4AB00612E2D /* Example */ = {
			isa = PBXNativeTarget;
			buildConfigurationList = 9013B75F2A79B4AB00612E2D /* Build configuration list for PBXNativeTarget "Example" */;
			buildPhases = (
				9013B7572A79B4AB00612E2D /* Sources */,
				9013B7582A79B4AB00612E2D /* Frameworks */,
				9013B7592A79B4AB00612E2D /* CopyFiles */,
			);
			buildRules = (
			);
			dependencies = (
				9013B77F2A79B50B00612E2D /* PBXTargetDependency */,
			);
			name = Example;
			productName = Example;
			productReference = 9013B75B2A79B4AB00612E2D /* Example */;
			productType = "com.apple.product-type.tool";
		};
/* End PBXNativeTarget section */

/* Begin PBXProject section */
		9013B7482A79B44200612E2D /* Project object */ = {
			isa = PBXProject;
			attributes = {
				BuildIndependentTargetsInParallel = 1;
				LastUpgradeCheck = 1410;
				TargetAttributes = {
					9013B7512A79B49000612E2D = {
						CreatedOnToolsVersion = 14.1;
					};
					9013B75A2A79B4AB00612E2D = {
						CreatedOnToolsVersion = 14.1;
					};
				};
			};
			buildConfigurationList = 9013B74B2A79B44200612E2D /* Build configuration list for PBXProject "Example" */;
			compatibilityVersion = "Xcode 14.0";
			developmentRegion = en;
			hasScannedForEncodings = 0;
			knownRegions = (
				en,
				Base,
			);
			mainGroup = 9013B7472A79B44200612E2D;
			productRefGroup = 9013B7532A79B49000612E2D /* Products */;
			projectDirPath = "";
			projectRoot = "";
			targets = (
				9013B7512A79B49000612E2D /* NATest */,
				9013B75A2A79B4AB00612E2D /* Example */,
			);
		};
/* End PBXProject section */

/* Begin PBXSourcesBuildPhase section */
		9013B74F2A79B49000612E2D /* Sources */ = {
			isa = PBXSourcesBuildPhase;
			buildActionMask = 2147483647;
			files = (
				9013B7952A79BCC600612E2D /* NATest.c in Sources */,
				9013B79B2A79BCC600612E2D /* NATestString.c in Sources */,
				9013B79D2A79BCC600612E2D /* NAMacroPrintout.c in Sources */,
			);
			runOnlyForDeploymentPostprocessing = 0;
		};
		9013B7572A79B4AB00612E2D /* Sources */ = {
			isa = PBXSourcesBuildPhase;
			buildActionMask = 2147483647;
			files = (
				9013B7852A79BCBF00612E2D /* main.c in Sources */,
			);
			runOnlyForDeploymentPostprocessing = 0;
		};
/* End PBXSourcesBuildPhase section */

/* Begin PBXTargetDependency section */
		9013B77F2A79B50B00612E2D /* PBXTargetDependency */ = {
			isa = PBXTargetDependency;
			target = 9013B7512A79B49000612E2D /* NATest */;
			targetProxy = 9013B77E2A79B50B00612E2D /* PBXContainerItemProxy */;
		};
/* End PBXTargetDependency section */

/* Begin XCBuildConfiguration section */
		9013B74C2A79B44200612E2D /* Debug */ = {
			isa = XCBuildConfiguration;
			buildSettings = {
			};
			name = Debug;
		};
		9013B74D2A79B44200612E2D /* Release */ = {
			isa = XCBuildConfiguration;
			buildSettings = {
			};
			name = Release;
		};
		9013B7542A79B49000612E2D /* Debug */ = {
			isa = XCBuildConfiguration;
			buildSettings = {
				ALWAYS_SEARCH_USER_PATHS = NO;
				CLANG_ANALYZER_NONNULL = YES;
				CLANG_ANALYZER_NUMBER_OBJECT_CONVERSION = YES_AGGRESSIVE;
				CLANG_CXX_LANGUAGE_STANDARD = "gnu++20";
				CLANG_ENABLE_MODULES = YES;
				CLANG_ENABLE_OBJC_ARC = YES;
				CLANG_ENABLE_OBJC_WEAK = YES;
				CLANG_WARN_BLOCK_CAPTURE_AUTORELEASING = YES;
				CLANG_WARN_BOOL_CONVERSION = YES;
				CLANG_WARN_COMMA = YES;
				CLANG_WARN_CONSTANT_CONVERSION = YES;
				CLANG_WARN_DEPRECATED_OBJC_IMPLEMENTATIONS = YES;
				CLANG_WARN_DIRECT_OBJC_ISA_USAGE = YES_ERROR;
				CLANG_WARN_DOCUMENTATION_COMMENTS = YES;
				CLANG_WARN_EMPTY_BODY = YES;
				CLANG_WARN_ENUM_CONVERSION = YES;
				CLANG_WARN_INFINITE_RECURSION = YES;
				CLANG_WARN_INT_CONVERSION = YES;
				CLANG_WARN_NON_LITERAL_NULL_CONVERSION = YES;
				CLANG_WARN_OBJC_IMPLICIT_RETAIN_SELF = YES;
				CLANG_WARN_OBJC_LITERAL_CONVERSION = YES;
				CLANG_WARN_OBJC_ROOT_CLASS = YES_ERROR;
				CLANG_WARN_QUOTED_INCLUDE_IN_FRAMEWORK_HEADER = YES;
				CLANG_WARN_RANGE_LOOP_ANALYSIS = YES;
				CLANG_WARN_STRICT_PROTOTYPES = YES;
				CLANG_WARN_SUSPICIOUS_MOVE = YES;
				CLANG_WARN_UNGUARDED_AVAILABILITY = YES_AGGRESSIVE;
				CLANG_WARN_UNREACHABLE_CODE = YES;
				CLANG_WARN__DUPLICATE_METHOD_MATCH = YES;
				CODE_SIGN_STYLE = Automatic;
				COPY_PHASE_STRIP = NO;
				DEBUG_INFORMATION_FORMAT = dwarf;
				DEVELOPMENT_TEAM = YH3QFD54JB;
				ENABLE_STRICT_OBJC_MSGSEND = YES;
				ENABLE_TESTABILITY = YES;
				EXECUTABLE_PREFIX = lib;
				GCC_C_LANGUAGE_STANDARD = gnu11;
				GCC_DYNAMIC_NO_PIC = NO;
				GCC_NO_COMMON_BLOCKS = YES;
				GCC_OPTIMIZATION_LEVEL = 0;
				GCC_PREPROCESSOR_DEFINITIONS = (
					"DEBUG=1",
					"$(inherited)",
				);
				GCC_WARN_64_TO_32_BIT_CONVERSION = YES;
				GCC_WARN_ABOUT_RETURN_TYPE = YES_ERROR;
				GCC_WARN_UNDECLARED_SELECTOR = YES;
				GCC_WARN_UNINITIALIZED_AUTOS = YES_AGGRESSIVE;
				GCC_WARN_UNUSED_FUNCTION = YES;
				GCC_WARN_UNUSED_VARIABLE = YES;
				MACOSX_DEPLOYMENT_TARGET = 13.0;
				MTL_ENABLE_DEBUG_INFO = INCLUDE_SOURCE;
				MTL_FAST_MATH = YES;
				ONLY_ACTIVE_ARCH = YES;
				PRODUCT_NAME = "$(TARGET_NAME)";
				SDKROOT = macosx;
				SKIP_INSTALL = YES;
			};
			name = Debug;
		};
		9013B7552A79B49000612E2D /* Release */ = {
			isa = XCBuildConfiguration;
			buildSettings = {
				ALWAYS_SEARCH_USER_PATHS = NO;
				CLANG_ANALYZER_NONNULL = YES;
				CLANG_ANALYZER_NUMBER_OBJECT_CONVERSION = YES_AGGRESSIVE;
				CLANG_CXX_LANGUAGE_STANDARD = "gnu++20";
				CLANG_ENABLE_MODULES = YES;
				CLANG_ENABLE_OBJC_ARC = YES;
				CLANG_ENABLE_OBJC_WEAK = YES;
				CLANG_WARN_BLOCK_CAPTURE_AUTORELEASING = YES;
				CLANG_WARN_BOOL_CONVERSION = YES;
				CLANG_WARN_COMMA = YES;
				CLANG_WARN_CONSTANT_CONVERSION = YES;
				CLANG_WARN_DEPRECATED_OBJC_IMPLEMENTATIONS = YES;
				CLANG_WARN_DIRECT_OBJC_ISA_USAGE = YES_ERROR;
				CLANG_WARN_DOCUMENTATION_COMMENTS = YES;
				CLANG_WARN_EMPTY_BODY = YES;
				CLANG_WARN_ENUM_CONVERSION = YES;
				CLANG_WARN_INFINITE_RECURSION = YES;
				CLANG_WARN_INT_CONVERSION = YES;
				CLANG_WARN_NON_LITERAL_NULL_CONVERSION = YES;
				CLANG_WARN_OBJC_IMPLICIT_RETAIN_SELF = YES;
				CLANG_WARN_OBJC_LITERAL_CONVERSION = YES;
				CLANG_WARN_OBJC_ROOT_CLASS = YES_ERROR;
				CLANG_WARN_QUOTED_INCLUDE_IN_FRAMEWORK_HEADER = YES;
				CLANG_WARN_RANGE_LOOP_ANALYSIS = YES;
				CLANG_WARN_STRICT_PROTOTYPES = YES;
				CLANG_WARN_SUSPICIOUS_MOVE = YES;
				CLANG_WARN_UNGUARDED_AVAILABILITY = YES_AGGRESSIVE;
				CLANG_WARN_UNREACHABLE_CODE = YES;
				CLANG_WARN__DUPLICATE_METHOD_MATCH = YES;
				CODE_SIGN_STYLE = Automatic;
				COPY_PHASE_STRIP = NO;
				DEBUG_INFORMATION_FORMAT = "dwarf-with-dsym";
				DEVELOPMENT_TEAM = YH3QFD54JB;
				ENABLE_NS_ASSERTIONS = NO;
				ENABLE_STRICT_OBJC_MSGSEND = YES;
				EXECUTABLE_PREFIX = lib;
				GCC_C_LANGUAGE_STANDARD = gnu11;
				GCC_NO_COMMON_BLOCKS = YES;
				GCC_WARN_64_TO_32_BIT_CONVERSION = YES;
				GCC_WARN_ABOUT_RETURN_TYPE = YES_ERROR;
				GCC_WARN_UNDECLARED_SELECTOR = YES;
				GCC_WARN_UNINITIALIZED_AUTOS = YES_AGGRESSIVE;
				GCC_WARN_UNUSED_FUNCTION = YES;
				GCC_WARN_UNUSED_VARIABLE = YES;
				MACOSX_DEPLOYMENT_TARGET = 13.0;
				MTL_ENABLE_DEBUG_INFO = NO;
				MTL_FAST_MATH = YES;
				PRODUCT_NAME = "$(TARGET_NAME)";
				SDKROOT = macosx;
				SKIP_INSTALL = YES;
			};
			name = Release;
		};
		9013B7602A79B4AB00612E2D /* Debug */ = {
			isa = XCBuildConfiguration;
			buildSettings = {
				ALWAYS_SEARCH_USER_PATHS = NO;
				CLANG_ANALYZER_NONNULL = YES;
				CLANG_ANALYZER_NUMBER_OBJECT_CONVERSION = YES_AGGRESSIVE;
				CLANG_CXX_LANGUAGE_STANDARD = "gnu++20";
				CLANG_ENABLE_MODULES = YES;
				CLANG_ENABLE_OBJC_ARC = YES;
				CLANG_ENABLE_OBJC_WEAK = YES;
				CLANG_WARN_BLOCK_CAPTURE_AUTORELEASING = YES;
				CLANG_WARN_BOOL_CONVERSION = YES;
				CLANG_WARN_COMMA = YES;
				CLANG_WARN_CONSTANT_CONVERSION = YES;
				CLANG_WARN_DEPRECATED_OBJC_IMPLEMENTATIONS = YES;
				CLANG_WARN_DIRECT_OBJC_ISA_USAGE = YES_ERROR;
				CLANG_WARN_DOCUMENTATION_COMMENTS = YES;
				CLANG_WARN_EMPTY_BODY = YES;
				CLANG_WARN_ENUM_CONVERSION = YES;
				CLANG_WARN_INFINITE_RECURSION = YES;
				CLANG_WARN_INT_CONVERSION = YES;
				CLANG_WARN_NON_LITERAL_NULL_CONVERSION = YES;
				CLANG_WARN_OBJC_IMPLICIT_RETAIN_SELF = YES;
				CLANG_WARN_OBJC_LITERAL_CONVERSION = YES;
				CLANG_WARN_OBJC_ROOT_CLASS = YES_ERROR;
				CLANG_WARN_QUOTED_INCLUDE_IN_FRAMEWORK_HEADER = YES;
				CLANG_WARN_RANGE_LOOP_ANALYSIS = YES;
				CLANG_WARN_STRICT_PROTOTYPES = YES;
				CLANG_WARN_SUSPICIOUS_MOVE = YES;
				CLANG_WARN_UNGUARDED_AVAILABILITY = YES_AGGRESSIVE;
				CLANG_WARN_UNREACHABLE_CODE = YES;
				CLANG_WARN__DUPLICATE_METHOD_MATCH = YES;
				CODE_SIGN_STYLE = Automatic;
				COPY_PHASE_STRIP = NO;
				DEBUG_INFORMATION_FORMAT = dwarf;
				DEVELOPMENT_TEAM = YH3QFD54JB;
				ENABLE_HARDENED_RUNTIME = YES;
				ENABLE_STRICT_OBJC_MSGSEND = YES;
				ENABLE_TESTABILITY = YES;
				FRAMEWORK_SEARCH_PATHS = $PROJECT_DIR/../../code/NATest/src/;
				GCC_C_LANGUAGE_STANDARD = gnu11;
				GCC_DYNAMIC_NO_PIC = NO;
				GCC_NO_COMMON_BLOCKS = YES;
				GCC_OPTIMIZATION_LEVEL = 0;
				GCC_PREPROCESSOR_DEFINITIONS = (
					"DEBUG=1",
					"$(inherited)",
				);
				GCC_WARN_64_TO_32_BIT_CONVERSION = YES;
				GCC_WARN_ABOUT_RETURN_TYPE = YES_ERROR;
				GCC_WARN_UNDECLARED_SELECTOR = YES;
				GCC_WARN_UNINITIALIZED_AUTOS = YES_AGGRESSIVE;
				GCC_WARN_UNUSED_FUNCTION = YES;
				GCC_WARN_UNUSED_VARIABLE = YES;
				MACOSX_DEPLOYMENT_TARGET = 13.0;
				MTL_ENABLE_DEBUG_INFO = INCLUDE_SOURCE;
				MTL_FAST_MATH = YES;
				ONLY_ACTIVE_ARCH = YES;
				PRODUCT_NAME = "$(TARGET_NAME)";
				SDKROOT = macosx;
			};
			name = Debug;
		};
		9013B7612A79B4AB00612E2D /* Release */ = {
			isa = XCBuildConfiguration;
			buildSettings = {
				ALWAYS_SEARCH_USER_PATHS = NO;
				CLANG_ANALYZER_NONNULL = YES;
				CLANG_ANALYZER_NUMBER_OBJECT_CONVERSION = YES_AGGRESSIVE;
				CLANG_CXX_LANGUAGE_STANDARD = "gnu++20";
				CLANG_ENABLE_MODULES = YES;
				CLANG_ENABLE_OBJC_ARC = YES;
				CLANG_ENABLE_OBJC_WEAK = YES;
				CLANG_WARN_BLOCK_CAPTURE_AUTORELEASING = YES;
				CLANG_WARN_BOOL_CONVERSION = YES;
				CLANG_WARN_COMMA = YES;
				CLANG_WARN_CONSTANT_CONVERSION = YES;
				CLANG_WARN_DEPRECATED_OBJC_IMPLEMENTATIONS = YES;
				CLANG_WARN_DIRECT_OBJC_ISA_USAGE = YES_ERROR;
				CLANG_WARN_DOCUMENTATION_COMMENTS = YES;
				CLANG_WARN_EMPTY_BODY = YES;
				CLANG_WARN_ENUM_CONVERSION = YES;
				CLANG_WARN_INFINITE_RECURSION = YES;
				CLANG_WARN_INT_CONVERSION = YES;
				CLANG_WARN_NON_LITERAL_NULL_CONVERSION = YES;
				CLANG_WARN_OBJC_IMPLICIT_RETAIN_SELF = YES;
				CLANG_WARN_OBJC_LITERAL_CONVERSION = YES;
				CLANG_WARN_OBJC_ROOT_CLASS = YES_ERROR;
				CLANG_WARN_QUOTED_INCLUDE_IN_FRAMEWORK_HEADER = YES;
				CLANG_WARN_RANGE_LOOP_ANALYSIS = YES;
				CLANG_WARN_STRICT_PROTOTYPES = YES;
				CLANG_WARN_SUSPICIOUS_MOVE = YES;
				CLANG_WARN_UNGUARDED_AVAILABILITY = YES_AGGRESSIVE;
				CLANG_WARN_UNREACHABLE_CODE = YES;
				CLANG_WARN__DUPLICATE_METHOD_MATCH = YES;
				CODE_SIGN_STYLE = Automatic;
				COPY_PHASE_STRIP = NO;
				DEBUG_INFORMATION_FORMAT = "dwarf-with-dsym";
				DEVELOPMENT_TEAM = YH3QFD54JB;
				ENABLE_HARDENED_RUNTIME = YES;
				ENABLE_NS_ASSERTIONS = NO;
				ENABLE_STRICT_OBJC_MSGSEND = YES;
				FRAMEWORK_SEARCH_PATHS = $PROJECT_DIR/../../code/NATest/src/;
				GCC_C_LANGUAGE_STANDARD = gnu11;
				GCC_NO_COMMON_BLOCKS = YES;
				GCC_WARN_64_TO_32_BIT_CONVERSION = YES;
				GCC_WARN_ABOUT_RETURN_TYPE = YES_ERROR;
				GCC_WARN_UNDECLARED_SELECTOR = YES;
				GCC_WARN_UNINITIALIZED_AUTOS = YES_AGGRESSIVE;
				GCC_WARN_UNUSED_FUNCTION = YES;
				GCC_WARN_UNUSED_VARIABLE = YES;
				MACOSX_DEPLOYMENT_TARGET = 13.0;
				MTL_ENABLE_DEBUG_INFO = NO;
				MTL_FAST_MATH = YES;
				PRODUCT_NAME = "$(TARGET_NAME)";
				SDKROOT = macosx;
			};
			name = Release;
		};
/* End XCBuildConfiguration section */

/* Begin XCConfigurationList section */
		9013B74B2A79B44200612E2D /* Build configuration list for PBXProject "Example" */ = {
			isa = XCConfigurationList;
			buildConfigurations = (
				9013B74C2A79B44200612E2D /* Debug */,
				9013B74D2A79B44200612E2D /* Release */,
			);
			defaultConfigurationIsVisible = 0;
			defaultConfigurationName = Release;
		};
		9013B7562A79B49000612E2D /* Build configuration list for PBXNativeTarget "NATest" */ = {
			isa = XCConfigurationList;
			buildConfigurations = (
				9013B7542A79B49000612E2D /* Debug */,
				9013B7552A79B49000612E2D /* Release */,
			);
			defaultConfigurationIsVisible = 0;
			defaultConfigurationName = Release;
		};
		9013B75F2A79B4AB00612E2D /* Build configuration list for PBXNativeTarget "Example" */ = {
			isa = XCConfigurationList;
			buildConfigurations = (
				9013B7602A79B4AB00612E2D /* Debug */,
				9013B7612A79B4AB00612E2D /* Release */,
			);
			defaultConfigurationIsVisible = 0;
			defaultConfigurationName = Release;
		};
/* End XCConfigurationList section */
	};
	rootObject = 9013B7482A79B44200612E2D /* Project object */;
}
